
Microsoft Visual Studio Solution File, Format Version 12.00
# Visual Studio Version 16
VisualStudioVersion = 16.0.32630.194
MinimumVisualStudioVersion = 10.0.40219.1
Project("{FAE04EC0-301F-11D3-BF4B-00C04F79EFBC}") = "Harmonic Numbers", "Harmonic Numbers.csproj", "{6BC9BD78-3A7A-4D29-A40B-68B1A91EC524}"
EndProject
Global
	GlobalSection(SolutionConfigurationPlatforms) = preSolution
		Debug|Any CPU = Debug|Any CPU
		Release|Any CPU = Release|Any CPU
	EndGlobalSection
	GlobalSection(ProjectConfigurationPlatforms) = postSolution
		{6BC9BD78-3A7A-4D29-A40B-68B1A91EC524}.Debug|Any CPU.ActiveCfg = Debug|Any CPU
		{6BC9BD78-3A7A-4D29-A40B-68B1A91EC524}.Debug|Any CPU.Build.0 = Debug|Any CPU
		{6BC9BD78-3A7A-4D29-A40B-68B1A91EC524}.Release|Any CPU.ActiveCfg = Release|Any CPU
		{6BC9BD78-3A7A-4D29-A40B-68B1A91EC524}.Release|Any CPU.Build.0 = Release|Any CPU
	EndGlobalSection
	GlobalSection(SolutionProperties) = preSolution
		HideSolutionNode = FALSE
	EndGlobalSection
	GlobalSection(ExtensibilityGlobals) = postSolution
		SolutionGuid = {0406A0F6-1692-4BB2-B055-EEF92DE381F6}
	EndGlobalSection
EndGlobal
