
Microsoft Visual Studio Solution File, Format Version 12.00
# Visual Studio Version 16
VisualStudioVersion = 16.0.32630.194
MinimumVisualStudioVersion = 10.0.40219.1
Project("{FAE04EC0-301F-11D3-BF4B-00C04F79EFBC}") = "LeapYear", "LeapYear.csproj", "{064EDED3-71EA-4F80-A7D2-0D4254BF3746}"
EndProject
Global
	GlobalSection(SolutionConfigurationPlatforms) = preSolution
		Debug|Any CPU = Debug|Any CPU
		Release|Any CPU = Release|Any CPU
	EndGlobalSection
	GlobalSection(ProjectConfigurationPlatforms) = postSolution
		{064EDED3-71EA-4F80-A7D2-0D4254BF3746}.Debug|Any CPU.ActiveCfg = Debug|Any CPU
		{064EDED3-71EA-4F80-A7D2-0D4254BF3746}.Debug|Any CPU.Build.0 = Debug|Any CPU
		{064EDED3-71EA-4F80-A7D2-0D4254BF3746}.Release|Any CPU.ActiveCfg = Release|Any CPU
		{064EDED3-71EA-4F80-A7D2-0D4254BF3746}.Release|Any CPU.Build.0 = Release|Any CPU
	EndGlobalSection
	GlobalSection(SolutionProperties) = preSolution
		HideSolutionNode = FALSE
	EndGlobalSection
	GlobalSection(ExtensibilityGlobals) = postSolution
		SolutionGuid = {4FA23782-EA1E-4FAC-AF73-D9BD9AA5CE3C}
	EndGlobalSection
EndGlobal
