
Microsoft Visual Studio Solution File, Format Version 12.00
# Visual Studio Version 16
VisualStudioVersion = 16.0.32630.194
MinimumVisualStudioVersion = 10.0.40219.1
Project("{FAE04EC0-301F-11D3-BF4B-00C04F79EFBC}") = "VowelOrConsonant", "VowelOrConsonant.csproj", "{D20D2D1F-726A-4A01-BF2A-E261C8CCC61E}"
EndProject
Global
	GlobalSection(SolutionConfigurationPlatforms) = preSolution
		Debug|Any CPU = Debug|Any CPU
		Release|Any CPU = Release|Any CPU
	EndGlobalSection
	GlobalSection(ProjectConfigurationPlatforms) = postSolution
		{D20D2D1F-726A-4A01-BF2A-E261C8CCC61E}.Debug|Any CPU.ActiveCfg = Debug|Any CPU
		{D20D2D1F-726A-4A01-BF2A-E261C8CCC61E}.Debug|Any CPU.Build.0 = Debug|Any CPU
		{D20D2D1F-726A-4A01-BF2A-E261C8CCC61E}.Release|Any CPU.ActiveCfg = Release|Any CPU
		{D20D2D1F-726A-4A01-BF2A-E261C8CCC61E}.Release|Any CPU.Build.0 = Release|Any CPU
	EndGlobalSection
	GlobalSection(SolutionProperties) = preSolution
		HideSolutionNode = FALSE
	EndGlobalSection
	GlobalSection(ExtensibilityGlobals) = postSolution
		SolutionGuid = {76ED90B8-F9CA-41F7-8D2D-64EDCE89A402}
	EndGlobalSection
EndGlobal
