
Microsoft Visual Studio Solution File, Format Version 12.00
# Visual Studio Version 16
VisualStudioVersion = 16.0.32630.194
MinimumVisualStudioVersion = 10.0.40219.1
Project("{FAE04EC0-301F-11D3-BF4B-00C04F79EFBC}") = "PrimeFactors", "PrimeFactors.csproj", "{13330B69-F36A-4331-824F-F4554DF77041}"
EndProject
Global
	GlobalSection(SolutionConfigurationPlatforms) = preSolution
		Debug|Any CPU = Debug|Any CPU
		Release|Any CPU = Release|Any CPU
	EndGlobalSection
	GlobalSection(ProjectConfigurationPlatforms) = postSolution
		{13330B69-F36A-4331-824F-F4554DF77041}.Debug|Any CPU.ActiveCfg = Debug|Any CPU
		{13330B69-F36A-4331-824F-F4554DF77041}.Debug|Any CPU.Build.0 = Debug|Any CPU
		{13330B69-F36A-4331-824F-F4554DF77041}.Release|Any CPU.ActiveCfg = Release|Any CPU
		{13330B69-F36A-4331-824F-F4554DF77041}.Release|Any CPU.Build.0 = Release|Any CPU
	EndGlobalSection
	GlobalSection(SolutionProperties) = preSolution
		HideSolutionNode = FALSE
	EndGlobalSection
	GlobalSection(ExtensibilityGlobals) = postSolution
		SolutionGuid = {144AB29F-E26E-4F03-AC8B-E9FFFBA1A568}
	EndGlobalSection
EndGlobal
